// !$*UTF8*$!
{
	archiveVersion = 1;
	classes = {
	};
	objectVersion = 56;
	objects = {

/* Begin PBXBuildFile section */
		119D04A92BB112EB009FAFBE /* HexagonParameters.swift in Sources */ = {isa = PBXBuildFile; fileRef = 119D04A82BB112EB009FAFBE /* HexagonParameters.swift */; };
		119D04AB2BB11425009FAFBE /* BadgeBackground.swift in Sources */ = {isa = PBXBuildFile; fileRef = 119D04AA2BB11425009FAFBE /* BadgeBackground.swift */; };
		119D04AD2BB11719009FAFBE /* BadgeSymbol.swift in Sources */ = {isa = PBXBuildFile; fileRef = 119D04AC2BB11719009FAFBE /* BadgeSymbol.swift */; };
		119D04AF2BB117AD009FAFBE /* RotatedBadgeSymbol.swift in Sources */ = {isa = PBXBuildFile; fileRef = 119D04AE2BB117AD009FAFBE /* RotatedBadgeSymbol.swift */; };
		119D04B12BB117F1009FAFBE /* Badge.swift in Sources */ = {isa = PBXBuildFile; fileRef = 119D04B02BB117F0009FAFBE /* Badge.swift */; };
		119D04B42BB11A97009FAFBE /* hikeData.json in Resources */ = {isa = PBXBuildFile; fileRef = 119D04B32BB11A97009FAFBE /* hikeData.json */; };
		119D04B62BB11B68009FAFBE /* Hike.swift in Sources */ = {isa = PBXBuildFile; fileRef = 119D04B52BB11B68009FAFBE /* Hike.swift */; };
		119D04BC2BB11BD3009FAFBE /* GraphCapsule.swift in Sources */ = {isa = PBXBuildFile; fileRef = 119D04B72BB11BD3009FAFBE /* GraphCapsule.swift */; };
		119D04BD2BB11BD3009FAFBE /* HikeDetail.swift in Sources */ = {isa = PBXBuildFile; fileRef = 119D04B82BB11BD3009FAFBE /* HikeDetail.swift */; };
		119D04BE2BB11BD3009FAFBE /* HikeGraph.swift in Sources */ = {isa = PBXBuildFile; fileRef = 119D04B92BB11BD3009FAFBE /* HikeGraph.swift */; };
		119D04BF2BB11BD3009FAFBE /* HikeView.swift in Sources */ = {isa = PBXBuildFile; fileRef = 119D04BA2BB11BD3009FAFBE /* HikeView.swift */; };
		119D04C12BB124B3009FAFBE /* CategoryHome.swift in Sources */ = {isa = PBXBuildFile; fileRef = 119D04C02BB124B3009FAFBE /* CategoryHome.swift */; };
		119D04C32BB125D9009FAFBE /* CategoryRow.swift in Sources */ = {isa = PBXBuildFile; fileRef = 119D04C22BB125D9009FAFBE /* CategoryRow.swift */; };
		119D04C52BB12653009FAFBE /* CategoryItem.swift in Sources */ = {isa = PBXBuildFile; fileRef = 119D04C42BB12653009FAFBE /* CategoryItem.swift */; };
		119D04C72BB1346E009FAFBE /* Profile.swift in Sources */ = {isa = PBXBuildFile; fileRef = 119D04C62BB1346E009FAFBE /* Profile.swift */; };
		119D04CB2BB13549009FAFBE /* ProfileHost.swift in Sources */ = {isa = PBXBuildFile; fileRef = 119D04CA2BB13549009FAFBE /* ProfileHost.swift */; };
		119D04CD2BB1358C009FAFBE /* ProfileSummary.swift in Sources */ = {isa = PBXBuildFile; fileRef = 119D04CC2BB1358C009FAFBE /* ProfileSummary.swift */; };
		119D04CF2BB13671009FAFBE /* HikeBadge.swift in Sources */ = {isa = PBXBuildFile; fileRef = 119D04CE2BB13671009FAFBE /* HikeBadge.swift */; };
		119D04D12BB1392C009FAFBE /* ProfileEditor.swift in Sources */ = {isa = PBXBuildFile; fileRef = 119D04D02BB1392C009FAFBE /* ProfileEditor.swift */; };
		44BAF1FC2BA9315600D8D01B /* PlayProjectApp.swift in Sources */ = {isa = PBXBuildFile; fileRef = 44BAF1FB2BA9315600D8D01B /* PlayProjectApp.swift */; };
		44BAF1FE2BA9315600D8D01B /* ContentView.swift in Sources */ = {isa = PBXBuildFile; fileRef = 44BAF1FD2BA9315600D8D01B /* ContentView.swift */; };
		44BAF2002BA9315800D8D01B /* Assets.xcassets in Resources */ = {isa = PBXBuildFile; fileRef = 44BAF1FF2BA9315800D8D01B /* Assets.xcassets */; };
		44BAF2032BA9315800D8D01B /* Preview Assets.xcassets in Resources */ = {isa = PBXBuildFile; fileRef = 44BAF2022BA9315800D8D01B /* Preview Assets.xcassets */; };
		44BAF20D2BA9315900D8D01B /* PlayProjectTests.swift in Sources */ = {isa = PBXBuildFile; fileRef = 44BAF20C2BA9315900D8D01B /* PlayProjectTests.swift */; };
		44BAF2172BA9315900D8D01B /* PlayProjectUITests.swift in Sources */ = {isa = PBXBuildFile; fileRef = 44BAF2162BA9315900D8D01B /* PlayProjectUITests.swift */; };
		44BAF2192BA9315900D8D01B /* PlayProjectUITestsLaunchTests.swift in Sources */ = {isa = PBXBuildFile; fileRef = 44BAF2182BA9315900D8D01B /* PlayProjectUITestsLaunchTests.swift */; };
		44BAF25B2BA9391200D8D01B /* LandmarksApp.swift in Sources */ = {isa = PBXBuildFile; fileRef = 44BAF25A2BA9391200D8D01B /* LandmarksApp.swift */; };
		44BAF25D2BA9391200D8D01B /* ContentView.swift in Sources */ = {isa = PBXBuildFile; fileRef = 44BAF25C2BA9391200D8D01B /* ContentView.swift */; };
		44BAF25F2BA9391400D8D01B /* Assets.xcassets in Resources */ = {isa = PBXBuildFile; fileRef = 44BAF25E2BA9391400D8D01B /* Assets.xcassets */; };
		44BAF2622BA9391400D8D01B /* Preview Assets.xcassets in Resources */ = {isa = PBXBuildFile; fileRef = 44BAF2612BA9391400D8D01B /* Preview Assets.xcassets */; };
		44BAF2672BA93B6500D8D01B /* CircleImage.swift in Sources */ = {isa = PBXBuildFile; fileRef = 44BAF2662BA93B6500D8D01B /* CircleImage.swift */; };
		44BAF2692BA93C7900D8D01B /* MapView.swift in Sources */ = {isa = PBXBuildFile; fileRef = 44BAF2682BA93C7900D8D01B /* MapView.swift */; };
		44BAF26B2BA93F2A00D8D01B /* landmarkData.json in Resources */ = {isa = PBXBuildFile; fileRef = 44BAF26A2BA93F2900D8D01B /* landmarkData.json */; };
		44BAF26D2BA93F3C00D8D01B /* Landmark.swift in Sources */ = {isa = PBXBuildFile; fileRef = 44BAF26C2BA93F3C00D8D01B /* Landmark.swift */; };
		44BAF26F2BA9408A00D8D01B /* ModelData.swift in Sources */ = {isa = PBXBuildFile; fileRef = 44BAF26E2BA9408A00D8D01B /* ModelData.swift */; };
		44BAF2742BA9421000D8D01B /* LandmarkRow.swift in Sources */ = {isa = PBXBuildFile; fileRef = 44BAF2732BA9421000D8D01B /* LandmarkRow.swift */; };
		44BAF2762BA9431400D8D01B /* LandmarkList.swift in Sources */ = {isa = PBXBuildFile; fileRef = 44BAF2752BA9431400D8D01B /* LandmarkList.swift */; };
		44BAF2782BA943E000D8D01B /* LandmarkDetail.swift in Sources */ = {isa = PBXBuildFile; fileRef = 44BAF2772BA943E000D8D01B /* LandmarkDetail.swift */; };
		44BAF27A2BA97C7D00D8D01B /* FavoriteButton.swift in Sources */ = {isa = PBXBuildFile; fileRef = 44BAF2792BA97C7D00D8D01B /* FavoriteButton.swift */; };
/* End PBXBuildFile section */

/* Begin PBXContainerItemProxy section */
		44BAF2092BA9315900D8D01B /* PBXContainerItemProxy */ = {
			isa = PBXContainerItemProxy;
			containerPortal = 44BAF1F02BA9315600D8D01B /* Project object */;
			proxyType = 1;
			remoteGlobalIDString = 44BAF1F72BA9315600D8D01B;
			remoteInfo = PlayProject;
		};
		44BAF2132BA9315900D8D01B /* PBXContainerItemProxy */ = {
			isa = PBXContainerItemProxy;
			containerPortal = 44BAF1F02BA9315600D8D01B /* Project object */;
			proxyType = 1;
			remoteGlobalIDString = 44BAF1F72BA9315600D8D01B;
			remoteInfo = PlayProject;
		};
/* End PBXContainerItemProxy section */

/* Begin PBXFileReference section */
		119D04A82BB112EB009FAFBE /* HexagonParameters.swift */ = {isa = PBXFileReference; lastKnownFileType = sourcecode.swift; name = HexagonParameters.swift; path = Landmarks/Views/Badge/HexagonParameters.swift; sourceTree = SOURCE_ROOT; };
		119D04AA2BB11425009FAFBE /* BadgeBackground.swift */ = {isa = PBXFileReference; lastKnownFileType = sourcecode.swift; path = BadgeBackground.swift; sourceTree = "<group>"; };
		119D04AC2BB11719009FAFBE /* BadgeSymbol.swift */ = {isa = PBXFileReference; lastKnownFileType = sourcecode.swift; name = BadgeSymbol.swift; path = Landmarks/Views/Badge/BadgeSymbol.swift; sourceTree = SOURCE_ROOT; };
		119D04AE2BB117AD009FAFBE /* RotatedBadgeSymbol.swift */ = {isa = PBXFileReference; lastKnownFileType = sourcecode.swift; path = RotatedBadgeSymbol.swift; sourceTree = "<group>"; };
		119D04B02BB117F0009FAFBE /* Badge.swift */ = {isa = PBXFileReference; lastKnownFileType = sourcecode.swift; path = Badge.swift; sourceTree = "<group>"; };
		119D04B32BB11A97009FAFBE /* hikeData.json */ = {isa = PBXFileReference; fileEncoding = 4; lastKnownFileType = text.json; path = hikeData.json; sourceTree = "<group>"; };
		119D04B52BB11B68009FAFBE /* Hike.swift */ = {isa = PBXFileReference; lastKnownFileType = sourcecode.swift; path = Hike.swift; sourceTree = "<group>"; };
		119D04B72BB11BD3009FAFBE /* GraphCapsule.swift */ = {isa = PBXFileReference; fileEncoding = 4; lastKnownFileType = sourcecode.swift; path = GraphCapsule.swift; sourceTree = "<group>"; };
		119D04B82BB11BD3009FAFBE /* HikeDetail.swift */ = {isa = PBXFileReference; fileEncoding = 4; lastKnownFileType = sourcecode.swift; path = HikeDetail.swift; sourceTree = "<group>"; };
		119D04B92BB11BD3009FAFBE /* HikeGraph.swift */ = {isa = PBXFileReference; fileEncoding = 4; lastKnownFileType = sourcecode.swift; path = HikeGraph.swift; sourceTree = "<group>"; };
		119D04BA2BB11BD3009FAFBE /* HikeView.swift */ = {isa = PBXFileReference; fileEncoding = 4; lastKnownFileType = sourcecode.swift; path = HikeView.swift; sourceTree = "<group>"; };
		119D04C02BB124B3009FAFBE /* CategoryHome.swift */ = {isa = PBXFileReference; lastKnownFileType = sourcecode.swift; path = CategoryHome.swift; sourceTree = "<group>"; };
		119D04C22BB125D9009FAFBE /* CategoryRow.swift */ = {isa = PBXFileReference; lastKnownFileType = sourcecode.swift; path = CategoryRow.swift; sourceTree = "<group>"; };
		119D04C42BB12653009FAFBE /* CategoryItem.swift */ = {isa = PBXFileReference; lastKnownFileType = sourcecode.swift; path = CategoryItem.swift; sourceTree = "<group>"; };
		119D04C62BB1346E009FAFBE /* Profile.swift */ = {isa = PBXFileReference; lastKnownFileType = sourcecode.swift; path = Profile.swift; sourceTree = "<group>"; };
		119D04CA2BB13549009FAFBE /* ProfileHost.swift */ = {isa = PBXFileReference; lastKnownFileType = sourcecode.swift; path = ProfileHost.swift; sourceTree = "<group>"; };
		119D04CC2BB1358C009FAFBE /* ProfileSummary.swift */ = {isa = PBXFileReference; lastKnownFileType = sourcecode.swift; path = ProfileSummary.swift; sourceTree = "<group>"; };
		119D04CE2BB13671009FAFBE /* HikeBadge.swift */ = {isa = PBXFileReference; lastKnownFileType = sourcecode.swift; path = HikeBadge.swift; sourceTree = "<group>"; };
		119D04D02BB1392C009FAFBE /* ProfileEditor.swift */ = {isa = PBXFileReference; lastKnownFileType = sourcecode.swift; path = ProfileEditor.swift; sourceTree = "<group>"; };
		44BAF1F82BA9315600D8D01B /* PlayProject.app */ = {isa = PBXFileReference; explicitFileType = wrapper.application; includeInIndex = 0; path = PlayProject.app; sourceTree = BUILT_PRODUCTS_DIR; };
		44BAF1FB2BA9315600D8D01B /* PlayProjectApp.swift */ = {isa = PBXFileReference; lastKnownFileType = sourcecode.swift; path = PlayProjectApp.swift; sourceTree = "<group>"; };
		44BAF1FD2BA9315600D8D01B /* ContentView.swift */ = {isa = PBXFileReference; lastKnownFileType = sourcecode.swift; path = ContentView.swift; sourceTree = "<group>"; };
		44BAF1FF2BA9315800D8D01B /* Assets.xcassets */ = {isa = PBXFileReference; lastKnownFileType = folder.assetcatalog; path = Assets.xcassets; sourceTree = "<group>"; };
		44BAF2022BA9315800D8D01B /* Preview Assets.xcassets */ = {isa = PBXFileReference; lastKnownFileType = folder.assetcatalog; path = "Preview Assets.xcassets"; sourceTree = "<group>"; };
		44BAF2082BA9315900D8D01B /* PlayProjectTests.xctest */ = {isa = PBXFileReference; explicitFileType = wrapper.cfbundle; includeInIndex = 0; path = PlayProjectTests.xctest; sourceTree = BUILT_PRODUCTS_DIR; };
		44BAF20C2BA9315900D8D01B /* PlayProjectTests.swift */ = {isa = PBXFileReference; lastKnownFileType = sourcecode.swift; path = PlayProjectTests.swift; sourceTree = "<group>"; };
		44BAF2122BA9315900D8D01B /* PlayProjectUITests.xctest */ = {isa = PBXFileReference; explicitFileType = wrapper.cfbundle; includeInIndex = 0; path = PlayProjectUITests.xctest; sourceTree = BUILT_PRODUCTS_DIR; };
		44BAF2162BA9315900D8D01B /* PlayProjectUITests.swift */ = {isa = PBXFileReference; lastKnownFileType = sourcecode.swift; path = PlayProjectUITests.swift; sourceTree = "<group>"; };
		44BAF2182BA9315900D8D01B /* PlayProjectUITestsLaunchTests.swift */ = {isa = PBXFileReference; lastKnownFileType = sourcecode.swift; path = PlayProjectUITestsLaunchTests.swift; sourceTree = "<group>"; };
		44BAF2582BA9391200D8D01B /* Landmarks.app */ = {isa = PBXFileReference; explicitFileType = wrapper.application; includeInIndex = 0; path = Landmarks.app; sourceTree = BUILT_PRODUCTS_DIR; };
		44BAF25A2BA9391200D8D01B /* LandmarksApp.swift */ = {isa = PBXFileReference; lastKnownFileType = sourcecode.swift; path = LandmarksApp.swift; sourceTree = "<group>"; };
		44BAF25C2BA9391200D8D01B /* ContentView.swift */ = {isa = PBXFileReference; lastKnownFileType = sourcecode.swift; path = ContentView.swift; sourceTree = "<group>"; };
		44BAF25E2BA9391400D8D01B /* Assets.xcassets */ = {isa = PBXFileReference; lastKnownFileType = folder.assetcatalog; path = Assets.xcassets; sourceTree = "<group>"; };
		44BAF2612BA9391400D8D01B /* Preview Assets.xcassets */ = {isa = PBXFileReference; lastKnownFileType = folder.assetcatalog; path = "Preview Assets.xcassets"; sourceTree = "<group>"; };
		44BAF2662BA93B6500D8D01B /* CircleImage.swift */ = {isa = PBXFileReference; lastKnownFileType = sourcecode.swift; path = CircleImage.swift; sourceTree = "<group>"; };
		44BAF2682BA93C7900D8D01B /* MapView.swift */ = {isa = PBXFileReference; lastKnownFileType = sourcecode.swift; path = MapView.swift; sourceTree = "<group>"; };
		44BAF26A2BA93F2900D8D01B /* landmarkData.json */ = {isa = PBXFileReference; fileEncoding = 4; lastKnownFileType = text.json; path = landmarkData.json; sourceTree = "<group>"; };
		44BAF26C2BA93F3C00D8D01B /* Landmark.swift */ = {isa = PBXFileReference; lastKnownFileType = sourcecode.swift; path = Landmark.swift; sourceTree = "<group>"; };
		44BAF26E2BA9408A00D8D01B /* ModelData.swift */ = {isa = PBXFileReference; lastKnownFileType = sourcecode.swift; path = ModelData.swift; sourceTree = "<group>"; };
		44BAF2732BA9421000D8D01B /* LandmarkRow.swift */ = {isa = PBXFileReference; lastKnownFileType = sourcecode.swift; path = LandmarkRow.swift; sourceTree = "<group>"; };
		44BAF2752BA9431400D8D01B /* LandmarkList.swift */ = {isa = PBXFileReference; lastKnownFileType = sourcecode.swift; path = LandmarkList.swift; sourceTree = "<group>"; };
		44BAF2772BA943E000D8D01B /* LandmarkDetail.swift */ = {isa = PBXFileReference; lastKnownFileType = sourcecode.swift; path = LandmarkDetail.swift; sourceTree = "<group>"; };
		44BAF2792BA97C7D00D8D01B /* FavoriteButton.swift */ = {isa = PBXFileReference; lastKnownFileType = sourcecode.swift; path = FavoriteButton.swift; sourceTree = "<group>"; };
/* End PBXFileReference section */

/* Begin PBXFrameworksBuildPhase section */
		44BAF1F52BA9315600D8D01B /* Frameworks */ = {
			isa = PBXFrameworksBuildPhase;
			buildActionMask = 2147483647;
			files = (
			);
			runOnlyForDeploymentPostprocessing = 0;
		};
		44BAF2052BA9315900D8D01B /* Frameworks */ = {
			isa = PBXFrameworksBuildPhase;
			buildActionMask = 2147483647;
			files = (
			);
			runOnlyForDeploymentPostprocessing = 0;
		};
		44BAF20F2BA9315900D8D01B /* Frameworks */ = {
			isa = PBXFrameworksBuildPhase;
			buildActionMask = 2147483647;
			files = (
			);
			runOnlyForDeploymentPostprocessing = 0;
		};
		44BAF2552BA9391200D8D01B /* Frameworks */ = {
			isa = PBXFrameworksBuildPhase;
			buildActionMask = 2147483647;
			files = (
			);
			runOnlyForDeploymentPostprocessing = 0;
		};
/* End PBXFrameworksBuildPhase section */

/* Begin PBXGroup section */
		119D04B22BB11860009FAFBE /* Badge */ = {
			isa = PBXGroup;
			children = (
				119D04B02BB117F0009FAFBE /* Badge.swift */,
				119D04AC2BB11719009FAFBE /* BadgeSymbol.swift */,
				119D04AE2BB117AD009FAFBE /* RotatedBadgeSymbol.swift */,
				119D04A82BB112EB009FAFBE /* HexagonParameters.swift */,
				119D04AA2BB11425009FAFBE /* BadgeBackground.swift */,
			);
			path = Badge;
			sourceTree = "<group>";
		};
		119D04BB2BB11BD3009FAFBE /* Hikes */ = {
			isa = PBXGroup;
			children = (
				119D04B72BB11BD3009FAFBE /* GraphCapsule.swift */,
				119D04B82BB11BD3009FAFBE /* HikeDetail.swift */,
				119D04B92BB11BD3009FAFBE /* HikeGraph.swift */,
				119D04BA2BB11BD3009FAFBE /* HikeView.swift */,
				119D04CE2BB13671009FAFBE /* HikeBadge.swift */,
			);
			path = Hikes;
			sourceTree = "<group>";
		};
		119D04C82BB134B4009FAFBE /* Category */ = {
			isa = PBXGroup;
			children = (
				119D04C02BB124B3009FAFBE /* CategoryHome.swift */,
				119D04C22BB125D9009FAFBE /* CategoryRow.swift */,
				119D04C42BB12653009FAFBE /* CategoryItem.swift */,
			);
			path = Category;
			sourceTree = "<group>";
		};
		119D04C92BB13512009FAFBE /* Profile */ = {
			isa = PBXGroup;
			children = (
				119D04CA2BB13549009FAFBE /* ProfileHost.swift */,
				119D04CC2BB1358C009FAFBE /* ProfileSummary.swift */,
				119D04D02BB1392C009FAFBE /* ProfileEditor.swift */,
			);
			path = Profile;
			sourceTree = "<group>";
		};
		44BAF1EF2BA9315600D8D01B = {
			isa = PBXGroup;
			children = (
				44BAF1FA2BA9315600D8D01B /* PlayProject */,
				44BAF20B2BA9315900D8D01B /* PlayProjectTests */,
				44BAF2152BA9315900D8D01B /* PlayProjectUITests */,
				44BAF2592BA9391200D8D01B /* Landmarks */,
				44BAF1F92BA9315600D8D01B /* Products */,
			);
			sourceTree = "<group>";
		};
		44BAF1F92BA9315600D8D01B /* Products */ = {
			isa = PBXGroup;
			children = (
				44BAF1F82BA9315600D8D01B /* PlayProject.app */,
				44BAF2082BA9315900D8D01B /* PlayProjectTests.xctest */,
				44BAF2122BA9315900D8D01B /* PlayProjectUITests.xctest */,
				44BAF2582BA9391200D8D01B /* Landmarks.app */,
			);
			name = Products;
			sourceTree = "<group>";
		};
		44BAF1FA2BA9315600D8D01B /* PlayProject */ = {
			isa = PBXGroup;
			children = (
				44BAF1FB2BA9315600D8D01B /* PlayProjectApp.swift */,
				44BAF1FD2BA9315600D8D01B /* ContentView.swift */,
				44BAF1FF2BA9315800D8D01B /* Assets.xcassets */,
				44BAF2012BA9315800D8D01B /* Preview Content */,
			);
			path = PlayProject;
			sourceTree = "<group>";
		};
		44BAF2012BA9315800D8D01B /* Preview Content */ = {
			isa = PBXGroup;
			children = (
				44BAF2022BA9315800D8D01B /* Preview Assets.xcassets */,
			);
			path = "Preview Content";
			sourceTree = "<group>";
		};
		44BAF20B2BA9315900D8D01B /* PlayProjectTests */ = {
			isa = PBXGroup;
			children = (
				44BAF20C2BA9315900D8D01B /* PlayProjectTests.swift */,
			);
			path = PlayProjectTests;
			sourceTree = "<group>";
		};
		44BAF2152BA9315900D8D01B /* PlayProjectUITests */ = {
			isa = PBXGroup;
			children = (
				44BAF2162BA9315900D8D01B /* PlayProjectUITests.swift */,
				44BAF2182BA9315900D8D01B /* PlayProjectUITestsLaunchTests.swift */,
			);
			path = PlayProjectUITests;
			sourceTree = "<group>";
		};
		44BAF2592BA9391200D8D01B /* Landmarks */ = {
			isa = PBXGroup;
			children = (
				44BAF25A2BA9391200D8D01B /* LandmarksApp.swift */,
				44BAF2722BA9419900D8D01B /* Resources */,
				44BAF2712BA9417500D8D01B /* Model */,
				44BAF2702BA9413000D8D01B /* Views */,
				44BAF2602BA9391400D8D01B /* Preview Content */,
			);
			path = Landmarks;
			sourceTree = "<group>";
		};
		44BAF2602BA9391400D8D01B /* Preview Content */ = {
			isa = PBXGroup;
			children = (
				44BAF2612BA9391400D8D01B /* Preview Assets.xcassets */,
			);
			path = "Preview Content";
			sourceTree = "<group>";
		};
		44BAF2702BA9413000D8D01B /* Views */ = {
			isa = PBXGroup;
			children = (
				44BAF25C2BA9391200D8D01B /* ContentView.swift */,
				119D04BB2BB11BD3009FAFBE /* Hikes */,
				119D04B22BB11860009FAFBE /* Badge */,
				44BAF27B2BA97D2100D8D01B /* Landmark */,
				44BAF27C2BA97D3500D8D01B /* Helper */,
				119D04C82BB134B4009FAFBE /* Category */,
				119D04C92BB13512009FAFBE /* Profile */,
			);
			path = Views;
			sourceTree = "<group>";
		};
		44BAF2712BA9417500D8D01B /* Model */ = {
			isa = PBXGroup;
			children = (
				44BAF26E2BA9408A00D8D01B /* ModelData.swift */,
				44BAF26C2BA93F3C00D8D01B /* Landmark.swift */,
				119D04B52BB11B68009FAFBE /* Hike.swift */,
				119D04C62BB1346E009FAFBE /* Profile.swift */,
			);
			path = Model;
			sourceTree = "<group>";
		};
		44BAF2722BA9419900D8D01B /* Resources */ = {
			isa = PBXGroup;
			children = (
				44BAF25E2BA9391400D8D01B /* Assets.xcassets */,
				119D04B32BB11A97009FAFBE /* hikeData.json */,
				44BAF26A2BA93F2900D8D01B /* landmarkData.json */,
			);
			path = Resources;
			sourceTree = "<group>";
		};
		44BAF27B2BA97D2100D8D01B /* Landmark */ = {
			isa = PBXGroup;
			children = (
				44BAF2732BA9421000D8D01B /* LandmarkRow.swift */,
				44BAF2752BA9431400D8D01B /* LandmarkList.swift */,
				44BAF2772BA943E000D8D01B /* LandmarkDetail.swift */,
			);
			path = Landmark;
			sourceTree = "<group>";
		};
		44BAF27C2BA97D3500D8D01B /* Helper */ = {
			isa = PBXGroup;
			children = (
				44BAF2662BA93B6500D8D01B /* CircleImage.swift */,
				44BAF2682BA93C7900D8D01B /* MapView.swift */,
				44BAF2792BA97C7D00D8D01B /* FavoriteButton.swift */,
			);
			path = Helper;
			sourceTree = "<group>";
		};
/* End PBXGroup section */

/* Begin PBXNativeTarget section */
		44BAF1F72BA9315600D8D01B /* PlayProject */ = {
			isa = PBXNativeTarget;
			buildConfigurationList = 44BAF21C2BA9315900D8D01B /* Build configuration list for PBXNativeTarget "PlayProject" */;
			buildPhases = (
				44BAF1F42BA9315600D8D01B /* Sources */,
				44BAF1F52BA9315600D8D01B /* Frameworks */,
				44BAF1F62BA9315600D8D01B /* Resources */,
			);
			buildRules = (
			);
			dependencies = (
			);
			name = PlayProject;
			productName = PlayProject;
			productReference = 44BAF1F82BA9315600D8D01B /* PlayProject.app */;
			productType = "com.apple.product-type.application";
		};
		44BAF2072BA9315900D8D01B /* PlayProjectTests */ = {
			isa = PBXNativeTarget;
			buildConfigurationList = 44BAF21F2BA9315900D8D01B /* Build configuration list for PBXNativeTarget "PlayProjectTests" */;
			buildPhases = (
				44BAF2042BA9315900D8D01B /* Sources */,
				44BAF2052BA9315900D8D01B /* Frameworks */,
				44BAF2062BA9315900D8D01B /* Resources */,
			);
			buildRules = (
			);
			dependencies = (
				44BAF20A2BA9315900D8D01B /* PBXTargetDependency */,
			);
			name = PlayProjectTests;
			productName = PlayProjectTests;
			productReference = 44BAF2082BA9315900D8D01B /* PlayProjectTests.xctest */;
			productType = "com.apple.product-type.bundle.unit-test";
		};
		44BAF2112BA9315900D8D01B /* PlayProjectUITests */ = {
			isa = PBXNativeTarget;
			buildConfigurationList = 44BAF2222BA9315900D8D01B /* Build configuration list for PBXNativeTarget "PlayProjectUITests" */;
			buildPhases = (
				44BAF20E2BA9315900D8D01B /* Sources */,
				44BAF20F2BA9315900D8D01B /* Frameworks */,
				44BAF2102BA9315900D8D01B /* Resources */,
			);
			buildRules = (
			);
			dependencies = (
				44BAF2142BA9315900D8D01B /* PBXTargetDependency */,
			);
			name = PlayProjectUITests;
			productName = PlayProjectUITests;
			productReference = 44BAF2122BA9315900D8D01B /* PlayProjectUITests.xctest */;
			productType = "com.apple.product-type.bundle.ui-testing";
		};
		44BAF2572BA9391200D8D01B /* Landmarks */ = {
			isa = PBXNativeTarget;
			buildConfigurationList = 44BAF2652BA9391400D8D01B /* Build configuration list for PBXNativeTarget "Landmarks" */;
			buildPhases = (
				44BAF2542BA9391200D8D01B /* Sources */,
				44BAF2552BA9391200D8D01B /* Frameworks */,
				44BAF2562BA9391200D8D01B /* Resources */,
			);
			buildRules = (
			);
			dependencies = (
			);
			name = Landmarks;
			productName = Landmarks;
			productReference = 44BAF2582BA9391200D8D01B /* Landmarks.app */;
			productType = "com.apple.product-type.application";
		};
/* End PBXNativeTarget section */

/* Begin PBXProject section */
		44BAF1F02BA9315600D8D01B /* Project object */ = {
			isa = PBXProject;
			attributes = {
				BuildIndependentTargetsInParallel = 1;
				LastSwiftUpdateCheck = 1530;
				LastUpgradeCheck = 1530;
				TargetAttributes = {
					44BAF1F72BA9315600D8D01B = {
						CreatedOnToolsVersion = 15.3;
					};
					44BAF2072BA9315900D8D01B = {
						CreatedOnToolsVersion = 15.3;
						TestTargetID = 44BAF1F72BA9315600D8D01B;
					};
					44BAF2112BA9315900D8D01B = {
						CreatedOnToolsVersion = 15.3;
						TestTargetID = 44BAF1F72BA9315600D8D01B;
					};
					44BAF2572BA9391200D8D01B = {
						CreatedOnToolsVersion = 15.3;
					};
				};
			};
			buildConfigurationList = 44BAF1F32BA9315600D8D01B /* Build configuration list for PBXProject "PlayProject" */;
			compatibilityVersion = "Xcode 14.0";
			developmentRegion = en;
			hasScannedForEncodings = 0;
			knownRegions = (
				en,
				Base,
			);
			mainGroup = 44BAF1EF2BA9315600D8D01B;
			productRefGroup = 44BAF1F92BA9315600D8D01B /* Products */;
			projectDirPath = "";
			projectRoot = "";
			targets = (
				44BAF1F72BA9315600D8D01B /* PlayProject */,
				44BAF2072BA9315900D8D01B /* PlayProjectTests */,
				44BAF2112BA9315900D8D01B /* PlayProjectUITests */,
				44BAF2572BA9391200D8D01B /* Landmarks */,
			);
		};
/* End PBXProject section */

/* Begin PBXResourcesBuildPhase section */
		44BAF1F62BA9315600D8D01B /* Resources */ = {
			isa = PBXResourcesBuildPhase;
			buildActionMask = 2147483647;
			files = (
				44BAF2032BA9315800D8D01B /* Preview Assets.xcassets in Resources */,
				44BAF2002BA9315800D8D01B /* Assets.xcassets in Resources */,
			);
			runOnlyForDeploymentPostprocessing = 0;
		};
		44BAF2062BA9315900D8D01B /* Resources */ = {
			isa = PBXResourcesBuildPhase;
			buildActionMask = 2147483647;
			files = (
			);
			runOnlyForDeploymentPostprocessing = 0;
		};
		44BAF2102BA9315900D8D01B /* Resources */ = {
			isa = PBXResourcesBuildPhase;
			buildActionMask = 2147483647;
			files = (
			);
			runOnlyForDeploymentPostprocessing = 0;
		};
		44BAF2562BA9391200D8D01B /* Resources */ = {
			isa = PBXResourcesBuildPhase;
			buildActionMask = 2147483647;
			files = (
				119D04B42BB11A97009FAFBE /* hikeData.json in Resources */,
				44BAF2622BA9391400D8D01B /* Preview Assets.xcassets in Resources */,
				44BAF25F2BA9391400D8D01B /* Assets.xcassets in Resources */,
				44BAF26B2BA93F2A00D8D01B /* landmarkData.json in Resources */,
			);
			runOnlyForDeploymentPostprocessing = 0;
		};
/* End PBXResourcesBuildPhase section */

/* Begin PBXSourcesBuildPhase section */
		44BAF1F42BA9315600D8D01B /* Sources */ = {
			isa = PBXSourcesBuildPhase;
			buildActionMask = 2147483647;
			files = (
				44BAF1FE2BA9315600D8D01B /* ContentView.swift in Sources */,
				44BAF1FC2BA9315600D8D01B /* PlayProjectApp.swift in Sources */,
			);
			runOnlyForDeploymentPostprocessing = 0;
		};
		44BAF2042BA9315900D8D01B /* Sources */ = {
			isa = PBXSourcesBuildPhase;
			buildActionMask = 2147483647;
			files = (
				44BAF20D2BA9315900D8D01B /* PlayProjectTests.swift in Sources */,
			);
			runOnlyForDeploymentPostprocessing = 0;
		};
		44BAF20E2BA9315900D8D01B /* Sources */ = {
			isa = PBXSourcesBuildPhase;
			buildActionMask = 2147483647;
			files = (
				44BAF2192BA9315900D8D01B /* PlayProjectUITestsLaunchTests.swift in Sources */,
				44BAF2172BA9315900D8D01B /* PlayProjectUITests.swift in Sources */,
			);
			runOnlyForDeploymentPostprocessing = 0;
		};
		44BAF2542BA9391200D8D01B /* Sources */ = {
			isa = PBXSourcesBuildPhase;
			buildActionMask = 2147483647;
			files = (
				119D04C32BB125D9009FAFBE /* CategoryRow.swift in Sources */,
				119D04C72BB1346E009FAFBE /* Profile.swift in Sources */,
				44BAF25D2BA9391200D8D01B /* ContentView.swift in Sources */,
				119D04C12BB124B3009FAFBE /* CategoryHome.swift in Sources */,
				119D04B12BB117F1009FAFBE /* Badge.swift in Sources */,
				44BAF2692BA93C7900D8D01B /* MapView.swift in Sources */,
				119D04BC2BB11BD3009FAFBE /* GraphCapsule.swift in Sources */,
				119D04BE2BB11BD3009FAFBE /* HikeGraph.swift in Sources */,
				44BAF25B2BA9391200D8D01B /* LandmarksApp.swift in Sources */,
				44BAF27A2BA97C7D00D8D01B /* FavoriteButton.swift in Sources */,
				119D04C52BB12653009FAFBE /* CategoryItem.swift in Sources */,
				119D04A92BB112EB009FAFBE /* HexagonParameters.swift in Sources */,
				119D04CD2BB1358C009FAFBE /* ProfileSummary.swift in Sources */,
				119D04B62BB11B68009FAFBE /* Hike.swift in Sources */,
				119D04CB2BB13549009FAFBE /* ProfileHost.swift in Sources */,
				119D04AF2BB117AD009FAFBE /* RotatedBadgeSymbol.swift in Sources */,
				119D04AD2BB11719009FAFBE /* BadgeSymbol.swift in Sources */,
				44BAF2762BA9431400D8D01B /* LandmarkList.swift in Sources */,
				119D04D12BB1392C009FAFBE /* ProfileEditor.swift in Sources */,
				119D04BD2BB11BD3009FAFBE /* HikeDetail.swift in Sources */,
				119D04BF2BB11BD3009FAFBE /* HikeView.swift in Sources */,
				44BAF2782BA943E000D8D01B /* LandmarkDetail.swift in Sources */,
				119D04AB2BB11425009FAFBE /* BadgeBackground.swift in Sources */,
				119D04CF2BB13671009FAFBE /* HikeBadge.swift in Sources */,
				44BAF2672BA93B6500D8D01B /* CircleImage.swift in Sources */,
				44BAF26D2BA93F3C00D8D01B /* Landmark.swift in Sources */,
				44BAF2742BA9421000D8D01B /* LandmarkRow.swift in Sources */,
				44BAF26F2BA9408A00D8D01B /* ModelData.swift in Sources */,
			);
			runOnlyForDeploymentPostprocessing = 0;
		};
/* End PBXSourcesBuildPhase section */

/* Begin PBXTargetDependency section */
		44BAF20A2BA9315900D8D01B /* PBXTargetDependency */ = {
			isa = PBXTargetDependency;
			target = 44BAF1F72BA9315600D8D01B /* PlayProject */;
			targetProxy = 44BAF2092BA9315900D8D01B /* PBXContainerItemProxy */;
		};
		44BAF2142BA9315900D8D01B /* PBXTargetDependency */ = {
			isa = PBXTargetDependency;
			target = 44BAF1F72BA9315600D8D01B /* PlayProject */;
			targetProxy = 44BAF2132BA9315900D8D01B /* PBXContainerItemProxy */;
		};
/* End PBXTargetDependency section */

/* Begin XCBuildConfiguration section */
		44BAF21A2BA9315900D8D01B /* Debug */ = {
			isa = XCBuildConfiguration;
			buildSettings = {
				ALWAYS_SEARCH_USER_PATHS = NO;
				ASSETCATALOG_COMPILER_GENERATE_SWIFT_ASSET_SYMBOL_EXTENSIONS = YES;
				CLANG_ANALYZER_NONNULL = YES;
				CLANG_ANALYZER_NUMBER_OBJECT_CONVERSION = YES_AGGRESSIVE;
				CLANG_CXX_LANGUAGE_STANDARD = "gnu++20";
				CLANG_ENABLE_MODULES = YES;
				CLANG_ENABLE_OBJC_ARC = YES;
				CLANG_ENABLE_OBJC_WEAK = YES;
				CLANG_WARN_BLOCK_CAPTURE_AUTORELEASING = YES;
				CLANG_WARN_BOOL_CONVERSION = YES;
				CLANG_WARN_COMMA = YES;
				CLANG_WARN_CONSTANT_CONVERSION = YES;
				CLANG_WARN_DEPRECATED_OBJC_IMPLEMENTATIONS = YES;
				CLANG_WARN_DIRECT_OBJC_ISA_USAGE = YES_ERROR;
				CLANG_WARN_DOCUMENTATION_COMMENTS = YES;
				CLANG_WARN_EMPTY_BODY = YES;
				CLANG_WARN_ENUM_CONVERSION = YES;
				CLANG_WARN_INFINITE_RECURSION = YES;
				CLANG_WARN_INT_CONVERSION = YES;
				CLANG_WARN_NON_LITERAL_NULL_CONVERSION = YES;
				CLANG_WARN_OBJC_IMPLICIT_RETAIN_SELF = YES;
				CLANG_WARN_OBJC_LITERAL_CONVERSION = YES;
				CLANG_WARN_OBJC_ROOT_CLASS = YES_ERROR;
				CLANG_WARN_QUOTED_INCLUDE_IN_FRAMEWORK_HEADER = YES;
				CLANG_WARN_RANGE_LOOP_ANALYSIS = YES;
				CLANG_WARN_STRICT_PROTOTYPES = YES;
				CLANG_WARN_SUSPICIOUS_MOVE = YES;
				CLANG_WARN_UNGUARDED_AVAILABILITY = YES_AGGRESSIVE;
				CLANG_WARN_UNREACHABLE_CODE = YES;
				CLANG_WARN__DUPLICATE_METHOD_MATCH = YES;
				COPY_PHASE_STRIP = NO;
				DEBUG_INFORMATION_FORMAT = dwarf;
				ENABLE_STRICT_OBJC_MSGSEND = YES;
				ENABLE_TESTABILITY = YES;
				ENABLE_USER_SCRIPT_SANDBOXING = YES;
				GCC_C_LANGUAGE_STANDARD = gnu17;
				GCC_DYNAMIC_NO_PIC = NO;
				GCC_NO_COMMON_BLOCKS = YES;
				GCC_OPTIMIZATION_LEVEL = 0;
				GCC_PREPROCESSOR_DEFINITIONS = (
					"DEBUG=1",
					"$(inherited)",
				);
				GCC_WARN_64_TO_32_BIT_CONVERSION = YES;
				GCC_WARN_ABOUT_RETURN_TYPE = YES_ERROR;
				GCC_WARN_UNDECLARED_SELECTOR = YES;
				GCC_WARN_UNINITIALIZED_AUTOS = YES_AGGRESSIVE;
				GCC_WARN_UNUSED_FUNCTION = YES;
				GCC_WARN_UNUSED_VARIABLE = YES;
				IPHONEOS_DEPLOYMENT_TARGET = 17.4;
				LOCALIZATION_PREFERS_STRING_CATALOGS = YES;
				MTL_ENABLE_DEBUG_INFO = INCLUDE_SOURCE;
				MTL_FAST_MATH = YES;
				ONLY_ACTIVE_ARCH = YES;
				SDKROOT = iphoneos;
				SWIFT_ACTIVE_COMPILATION_CONDITIONS = "DEBUG $(inherited)";
				SWIFT_OPTIMIZATION_LEVEL = "-Onone";
			};
			name = Debug;
		};
		44BAF21B2BA9315900D8D01B /* Release */ = {
			isa = XCBuildConfiguration;
			buildSettings = {
				ALWAYS_SEARCH_USER_PATHS = NO;
				ASSETCATALOG_COMPILER_GENERATE_SWIFT_ASSET_SYMBOL_EXTENSIONS = YES;
				CLANG_ANALYZER_NONNULL = YES;
				CLANG_ANALYZER_NUMBER_OBJECT_CONVERSION = YES_AGGRESSIVE;
				CLANG_CXX_LANGUAGE_STANDARD = "gnu++20";
				CLANG_ENABLE_MODULES = YES;
				CLANG_ENABLE_OBJC_ARC = YES;
				CLANG_ENABLE_OBJC_WEAK = YES;
				CLANG_WARN_BLOCK_CAPTURE_AUTORELEASING = YES;
				CLANG_WARN_BOOL_CONVERSION = YES;
				CLANG_WARN_COMMA = YES;
				CLANG_WARN_CONSTANT_CONVERSION = YES;
				CLANG_WARN_DEPRECATED_OBJC_IMPLEMENTATIONS = YES;
				CLANG_WARN_DIRECT_OBJC_ISA_USAGE = YES_ERROR;
				CLANG_WARN_DOCUMENTATION_COMMENTS = YES;
				CLANG_WARN_EMPTY_BODY = YES;
				CLANG_WARN_ENUM_CONVERSION = YES;
				CLANG_WARN_INFINITE_RECURSION = YES;
				CLANG_WARN_INT_CONVERSION = YES;
				CLANG_WARN_NON_LITERAL_NULL_CONVERSION = YES;
				CLANG_WARN_OBJC_IMPLICIT_RETAIN_SELF = YES;
				CLANG_WARN_OBJC_LITERAL_CONVERSION = YES;
				CLANG_WARN_OBJC_ROOT_CLASS = YES_ERROR;
				CLANG_WARN_QUOTED_INCLUDE_IN_FRAMEWORK_HEADER = YES;
				CLANG_WARN_RANGE_LOOP_ANALYSIS = YES;
				CLANG_WARN_STRICT_PROTOTYPES = YES;
				CLANG_WARN_SUSPICIOUS_MOVE = YES;
				CLANG_WARN_UNGUARDED_AVAILABILITY = YES_AGGRESSIVE;
				CLANG_WARN_UNREACHABLE_CODE = YES;
				CLANG_WARN__DUPLICATE_METHOD_MATCH = YES;
				COPY_PHASE_STRIP = NO;
				DEBUG_INFORMATION_FORMAT = "dwarf-with-dsym";
				ENABLE_NS_ASSERTIONS = NO;
				ENABLE_STRICT_OBJC_MSGSEND = YES;
				ENABLE_USER_SCRIPT_SANDBOXING = YES;
				GCC_C_LANGUAGE_STANDARD = gnu17;
				GCC_NO_COMMON_BLOCKS = YES;
				GCC_WARN_64_TO_32_BIT_CONVERSION = YES;
				GCC_WARN_ABOUT_RETURN_TYPE = YES_ERROR;
				GCC_WARN_UNDECLARED_SELECTOR = YES;
				GCC_WARN_UNINITIALIZED_AUTOS = YES_AGGRESSIVE;
				GCC_WARN_UNUSED_FUNCTION = YES;
				GCC_WARN_UNUSED_VARIABLE = YES;
				IPHONEOS_DEPLOYMENT_TARGET = 17.4;
				LOCALIZATION_PREFERS_STRING_CATALOGS = YES;
				MTL_ENABLE_DEBUG_INFO = NO;
				MTL_FAST_MATH = YES;
				SDKROOT = iphoneos;
				SWIFT_COMPILATION_MODE = wholemodule;
				VALIDATE_PRODUCT = YES;
			};
			name = Release;
		};
		44BAF21D2BA9315900D8D01B /* Debug */ = {
			isa = XCBuildConfiguration;
			buildSettings = {
				ASSETCATALOG_COMPILER_APPICON_NAME = AppIcon;
				ASSETCATALOG_COMPILER_GLOBAL_ACCENT_COLOR_NAME = AccentColor;
				CODE_SIGN_STYLE = Automatic;
				CURRENT_PROJECT_VERSION = 1;
				DEVELOPMENT_ASSET_PATHS = "\"PlayProject/Preview Content\"";
				ENABLE_PREVIEWS = YES;
				GENERATE_INFOPLIST_FILE = YES;
				INFOPLIST_KEY_UIApplicationSceneManifest_Generation = YES;
				INFOPLIST_KEY_UIApplicationSupportsIndirectInputEvents = YES;
				INFOPLIST_KEY_UILaunchScreen_Generation = YES;
				INFOPLIST_KEY_UISupportedInterfaceOrientations_iPad = "UIInterfaceOrientationPortrait UIInterfaceOrientationPortraitUpsideDown UIInterfaceOrientationLandscapeLeft UIInterfaceOrientationLandscapeRight";
				INFOPLIST_KEY_UISupportedInterfaceOrientations_iPhone = "UIInterfaceOrientationPortrait UIInterfaceOrientationLandscapeLeft UIInterfaceOrientationLandscapeRight";
				IPHONEOS_DEPLOYMENT_TARGET = 17.4;
				LD_RUNPATH_SEARCH_PATHS = (
					"$(inherited)",
					"@executable_path/Frameworks",
				);
				MARKETING_VERSION = 1.0;
				PRODUCT_BUNDLE_IDENTIFIER = com.My.PlayProject;
				PRODUCT_NAME = "$(TARGET_NAME)";
				SWIFT_EMIT_LOC_STRINGS = YES;
				SWIFT_VERSION = 5.0;
				TARGETED_DEVICE_FAMILY = "1,2";
			};
			name = Debug;
		};
		44BAF21E2BA9315900D8D01B /* Release */ = {
			isa = XCBuildConfiguration;
			buildSettings = {
				ASSETCATALOG_COMPILER_APPICON_NAME = AppIcon;
				ASSETCATALOG_COMPILER_GLOBAL_ACCENT_COLOR_NAME = AccentColor;
				CODE_SIGN_STYLE = Automatic;
				CURRENT_PROJECT_VERSION = 1;
				DEVELOPMENT_ASSET_PATHS = "\"PlayProject/Preview Content\"";
				ENABLE_PREVIEWS = YES;
				GENERATE_INFOPLIST_FILE = YES;
				INFOPLIST_KEY_UIApplicationSceneManifest_Generation = YES;
				INFOPLIST_KEY_UIApplicationSupportsIndirectInputEvents = YES;
				INFOPLIST_KEY_UILaunchScreen_Generation = YES;
				INFOPLIST_KEY_UISupportedInterfaceOrientations_iPad = "UIInterfaceOrientationPortrait UIInterfaceOrientationPortraitUpsideDown UIInterfaceOrientationLandscapeLeft UIInterfaceOrientationLandscapeRight";
				INFOPLIST_KEY_UISupportedInterfaceOrientations_iPhone = "UIInterfaceOrientationPortrait UIInterfaceOrientationLandscapeLeft UIInterfaceOrientationLandscapeRight";
				IPHONEOS_DEPLOYMENT_TARGET = 17.4;
				LD_RUNPATH_SEARCH_PATHS = (
					"$(inherited)",
					"@executable_path/Frameworks",
				);
				MARKETING_VERSION = 1.0;
				PRODUCT_BUNDLE_IDENTIFIER = com.My.PlayProject;
				PRODUCT_NAME = "$(TARGET_NAME)";
				SWIFT_EMIT_LOC_STRINGS = YES;
				SWIFT_VERSION = 5.0;
				TARGETED_DEVICE_FAMILY = "1,2";
			};
			name = Release;
		};
		44BAF2202BA9315900D8D01B /* Debug */ = {
			isa = XCBuildConfiguration;
			buildSettings = {
				ALWAYS_EMBED_SWIFT_STANDARD_LIBRARIES = YES;
				BUNDLE_LOADER = "$(TEST_HOST)";
				CODE_SIGN_STYLE = Automatic;
				CURRENT_PROJECT_VERSION = 1;
				GENERATE_INFOPLIST_FILE = YES;
				IPHONEOS_DEPLOYMENT_TARGET = 17.4;
				MARKETING_VERSION = 1.0;
				PRODUCT_BUNDLE_IDENTIFIER = com.My.PlayProjectTests;
				PRODUCT_NAME = "$(TARGET_NAME)";
				SWIFT_EMIT_LOC_STRINGS = NO;
				SWIFT_VERSION = 5.0;
				TARGETED_DEVICE_FAMILY = "1,2";
				TEST_HOST = "$(BUILT_PRODUCTS_DIR)/PlayProject.app/$(BUNDLE_EXECUTABLE_FOLDER_PATH)/PlayProject";
			};
			name = Debug;
		};
		44BAF2212BA9315900D8D01B /* Release */ = {
			isa = XCBuildConfiguration;
			buildSettings = {
				ALWAYS_EMBED_SWIFT_STANDARD_LIBRARIES = YES;
				BUNDLE_LOADER = "$(TEST_HOST)";
				CODE_SIGN_STYLE = Automatic;
				CURRENT_PROJECT_VERSION = 1;
				GENERATE_INFOPLIST_FILE = YES;
				IPHONEOS_DEPLOYMENT_TARGET = 17.4;
				MARKETING_VERSION = 1.0;
				PRODUCT_BUNDLE_IDENTIFIER = com.My.PlayProjectTests;
				PRODUCT_NAME = "$(TARGET_NAME)";
				SWIFT_EMIT_LOC_STRINGS = NO;
				SWIFT_VERSION = 5.0;
				TARGETED_DEVICE_FAMILY = "1,2";
				TEST_HOST = "$(BUILT_PRODUCTS_DIR)/PlayProject.app/$(BUNDLE_EXECUTABLE_FOLDER_PATH)/PlayProject";
			};
			name = Release;
		};
		44BAF2232BA9315900D8D01B /* Debug */ = {
			isa = XCBuildConfiguration;
			buildSettings = {
				ALWAYS_EMBED_SWIFT_STANDARD_LIBRARIES = YES;
				CODE_SIGN_STYLE = Automatic;
				CURRENT_PROJECT_VERSION = 1;
				GENERATE_INFOPLIST_FILE = YES;
				MARKETING_VERSION = 1.0;
				PRODUCT_BUNDLE_IDENTIFIER = com.My.PlayProjectUITests;
				PRODUCT_NAME = "$(TARGET_NAME)";
				SWIFT_EMIT_LOC_STRINGS = NO;
				SWIFT_VERSION = 5.0;
				TARGETED_DEVICE_FAMILY = "1,2";
				TEST_TARGET_NAME = PlayProject;
			};
			name = Debug;
		};
		44BAF2242BA9315900D8D01B /* Release */ = {
			isa = XCBuildConfiguration;
			buildSettings = {
				ALWAYS_EMBED_SWIFT_STANDARD_LIBRARIES = YES;
				CODE_SIGN_STYLE = Automatic;
				CURRENT_PROJECT_VERSION = 1;
				GENERATE_INFOPLIST_FILE = YES;
				MARKETING_VERSION = 1.0;
				PRODUCT_BUNDLE_IDENTIFIER = com.My.PlayProjectUITests;
				PRODUCT_NAME = "$(TARGET_NAME)";
				SWIFT_EMIT_LOC_STRINGS = NO;
				SWIFT_VERSION = 5.0;
				TARGETED_DEVICE_FAMILY = "1,2";
				TEST_TARGET_NAME = PlayProject;
			};
			name = Release;
		};
		44BAF2632BA9391400D8D01B /* Debug */ = {
			isa = XCBuildConfiguration;
			buildSettings = {
				ASSETCATALOG_COMPILER_APPICON_NAME = AppIcon;
				ASSETCATALOG_COMPILER_GLOBAL_ACCENT_COLOR_NAME = AccentColor;
				CODE_SIGN_STYLE = Automatic;
				CURRENT_PROJECT_VERSION = 1;
				DEVELOPMENT_ASSET_PATHS = "\"Landmarks/Preview Content\"";
				ENABLE_PREVIEWS = YES;
				GENERATE_INFOPLIST_FILE = YES;
				INFOPLIST_KEY_UIApplicationSceneManifest_Generation = YES;
				INFOPLIST_KEY_UIApplicationSupportsIndirectInputEvents = YES;
				INFOPLIST_KEY_UILaunchScreen_Generation = YES;
				INFOPLIST_KEY_UISupportedInterfaceOrientations_iPad = "UIInterfaceOrientationPortrait UIInterfaceOrientationPortraitUpsideDown UIInterfaceOrientationLandscapeLeft UIInterfaceOrientationLandscapeRight";
				INFOPLIST_KEY_UISupportedInterfaceOrientations_iPhone = "UIInterfaceOrientationPortrait UIInterfaceOrientationLandscapeLeft UIInterfaceOrientationLandscapeRight";
				LD_RUNPATH_SEARCH_PATHS = (
					"$(inherited)",
					"@executable_path/Frameworks",
				);
				MARKETING_VERSION = 1.0;
				PRODUCT_BUNDLE_IDENTIFIER = com.My.Landmarks;
				PRODUCT_NAME = "$(TARGET_NAME)";
				SWIFT_EMIT_LOC_STRINGS = YES;
				SWIFT_VERSION = 5.0;
				TARGETED_DEVICE_FAMILY = "1,2";
			};
			name = Debug;
		};
		44BAF2642BA9391400D8D01B /* Release */ = {
			isa = XCBuildConfiguration;
			buildSettings = {
				ASSETCATALOG_COMPILER_APPICON_NAME = AppIcon;
				ASSETCATALOG_COMPILER_GLOBAL_ACCENT_COLOR_NAME = AccentColor;
				CODE_SIGN_STYLE = Automatic;
				CURRENT_PROJECT_VERSION = 1;
				DEVELOPMENT_ASSET_PATHS = "\"Landmarks/Preview Content\"";
				ENABLE_PREVIEWS = YES;
				GENERATE_INFOPLIST_FILE = YES;
				INFOPLIST_KEY_UIApplicationSceneManifest_Generation = YES;
				INFOPLIST_KEY_UIApplicationSupportsIndirectInputEvents = YES;
				INFOPLIST_KEY_UILaunchScreen_Generation = YES;
				INFOPLIST_KEY_UISupportedInterfaceOrientations_iPad = "UIInterfaceOrientationPortrait UIInterfaceOrientationPortraitUpsideDown UIInterfaceOrientationLandscapeLeft UIInterfaceOrientationLandscapeRight";
				INFOPLIST_KEY_UISupportedInterfaceOrientations_iPhone = "UIInterfaceOrientationPortrait UIInterfaceOrientationLandscapeLeft UIInterfaceOrientationLandscapeRight";
				LD_RUNPATH_SEARCH_PATHS = (
					"$(inherited)",
					"@executable_path/Frameworks",
				);
				MARKETING_VERSION = 1.0;
				PRODUCT_BUNDLE_IDENTIFIER = com.My.Landmarks;
				PRODUCT_NAME = "$(TARGET_NAME)";
				SWIFT_EMIT_LOC_STRINGS = YES;
				SWIFT_VERSION = 5.0;
				TARGETED_DEVICE_FAMILY = "1,2";
			};
			name = Release;
		};
/* End XCBuildConfiguration section */

/* Begin XCConfigurationList section */
		44BAF1F32BA9315600D8D01B /* Build configuration list for PBXProject "PlayProject" */ = {
			isa = XCConfigurationList;
			buildConfigurations = (
				44BAF21A2BA9315900D8D01B /* Debug */,
				44BAF21B2BA9315900D8D01B /* Release */,
			);
			defaultConfigurationIsVisible = 0;
			defaultConfigurationName = Release;
		};
		44BAF21C2BA9315900D8D01B /* Build configuration list for PBXNativeTarget "PlayProject" */ = {
			isa = XCConfigurationList;
			buildConfigurations = (
				44BAF21D2BA9315900D8D01B /* Debug */,
				44BAF21E2BA9315900D8D01B /* Release */,
			);
			defaultConfigurationIsVisible = 0;
			defaultConfigurationName = Release;
		};
		44BAF21F2BA9315900D8D01B /* Build configuration list for PBXNativeTarget "PlayProjectTests" */ = {
			isa = XCConfigurationList;
			buildConfigurations = (
				44BAF2202BA9315900D8D01B /* Debug */,
				44BAF2212BA9315900D8D01B /* Release */,
			);
			defaultConfigurationIsVisible = 0;
			defaultConfigurationName = Release;
		};
		44BAF2222BA9315900D8D01B /* Build configuration list for PBXNativeTarget "PlayProjectUITests" */ = {
			isa = XCConfigurationList;
			buildConfigurations = (
				44BAF2232BA9315900D8D01B /* Debug */,
				44BAF2242BA9315900D8D01B /* Release */,
			);
			defaultConfigurationIsVisible = 0;
			defaultConfigurationName = Release;
		};
		44BAF2652BA9391400D8D01B /* Build configuration list for PBXNativeTarget "Landmarks" */ = {
			isa = XCConfigurationList;
			buildConfigurations = (
				44BAF2632BA9391400D8D01B /* Debug */,
				44BAF2642BA9391400D8D01B /* Release */,
			);
			defaultConfigurationIsVisible = 0;
			defaultConfigurationName = Release;
		};
/* End XCConfigurationList section */
	};
	rootObject = 44BAF1F02BA9315600D8D01B /* Project object */;
}
